// !$*UTF8*$!
{
	archiveVersion = 1;
	classes = {
	};
	objectVersion = 46;
	objects = {

/* Begin PBXBuildFile section */
		033807E11C876D380045D5BB /* ItemAddViewController.m in Sources */ = {isa = PBXBuildFile; fileRef = 033807DF1C876D380045D5BB /* ItemAddViewController.m */; };
		033807E21C876D380045D5BB /* ItemAddViewController.xib in Resources */ = {isa = PBXBuildFile; fileRef = 033807E01C876D380045D5BB /* ItemAddViewController.xib */; };
		4415EB821C839D0200B2C5B7 /* main.m in Sources */ = {isa = PBXBuildFile; fileRef = 4415EB811C839D0200B2C5B7 /* main.m */; };
		4415EB851C839D0200B2C5B7 /* AppDelegate.m in Sources */ = {isa = PBXBuildFile; fileRef = 4415EB841C839D0200B2C5B7 /* AppDelegate.m */; };
		4415EB8E1C839D0200B2C5B7 /* Main.storyboard in Resources */ = {isa = PBXBuildFile; fileRef = 4415EB8C1C839D0200B2C5B7 /* Main.storyboard */; };
		4415EB901C839D0200B2C5B7 /* Assets.xcassets in Resources */ = {isa = PBXBuildFile; fileRef = 4415EB8F1C839D0200B2C5B7 /* Assets.xcassets */; };
		4415EB931C839D0200B2C5B7 /* LaunchScreen.storyboard in Resources */ = {isa = PBXBuildFile; fileRef = 4415EB911C839D0200B2C5B7 /* LaunchScreen.storyboard */; };
		4415EB9E1C839D0300B2C5B7 /* FoodExTests.m in Sources */ = {isa = PBXBuildFile; fileRef = 4415EB9D1C839D0300B2C5B7 /* FoodExTests.m */; };
		4415EBA91C839D0300B2C5B7 /* FoodExUITests.m in Sources */ = {isa = PBXBuildFile; fileRef = 4415EBA81C839D0300B2C5B7 /* FoodExUITests.m */; };
		444D55161C8817AE002EBE49 /* ReviewOrderViewController.m in Sources */ = {isa = PBXBuildFile; fileRef = 444D55141C8817AE002EBE49 /* ReviewOrderViewController.m */; settings = {ASSET_TAGS = (); }; };
		444D55171C8817AE002EBE49 /* ReviewOrderViewController.xib in Resources */ = {isa = PBXBuildFile; fileRef = 444D55151C8817AE002EBE49 /* ReviewOrderViewController.xib */; settings = {ASSET_TAGS = (); }; };
		446588B61C87563E002CA7ED /* OrderContentsViewController.m in Sources */ = {isa = PBXBuildFile; fileRef = 446588B41C87563E002CA7ED /* OrderContentsViewController.m */; };
		446588B71C87563E002CA7ED /* OrderContentsViewController.xib in Resources */ = {isa = PBXBuildFile; fileRef = 446588B51C87563E002CA7ED /* OrderContentsViewController.xib */; };
		449CD65E1C864F4D00325DAA /* OrderViewController.m in Sources */ = {isa = PBXBuildFile; fileRef = 449CD65C1C864F4D00325DAA /* OrderViewController.m */; };
		449CD65F1C864F4D00325DAA /* OrderViewController.xib in Resources */ = {isa = PBXBuildFile; fileRef = 449CD65D1C864F4D00325DAA /* OrderViewController.xib */; };
		449CD6631C864F6800325DAA /* DeliveryViewController.m in Sources */ = {isa = PBXBuildFile; fileRef = 449CD6611C864F6800325DAA /* DeliveryViewController.m */; };
		449CD6641C864F6800325DAA /* DeliveryViewController.xib in Resources */ = {isa = PBXBuildFile; fileRef = 449CD6621C864F6800325DAA /* DeliveryViewController.xib */; };
		449CD6681C864F8400325DAA /* ProfileViewController.m in Sources */ = {isa = PBXBuildFile; fileRef = 449CD6661C864F8400325DAA /* ProfileViewController.m */; };
		449CD6691C864F8400325DAA /* ProfileViewController.xib in Resources */ = {isa = PBXBuildFile; fileRef = 449CD6671C864F8400325DAA /* ProfileViewController.xib */; };
		449CD6701C86583000325DAA /* CreateOrderViewController.m in Sources */ = {isa = PBXBuildFile; fileRef = 449CD66E1C86583000325DAA /* CreateOrderViewController.m */; };
		449CD6711C86583000325DAA /* CreateOrderViewController.xib in Resources */ = {isa = PBXBuildFile; fileRef = 449CD66F1C86583000325DAA /* CreateOrderViewController.xib */; };
		44BDFDBC1C86A5900004D74F /* LoginViewController.m in Sources */ = {isa = PBXBuildFile; fileRef = 44BDFDBA1C86A5900004D74F /* LoginViewController.m */; };
		44BDFDBD1C86A5900004D74F /* LoginViewController.xib in Resources */ = {isa = PBXBuildFile; fileRef = 44BDFDBB1C86A5900004D74F /* LoginViewController.xib */; };
		44D3D7E61C83B36200098C57 /* User.m in Sources */ = {isa = PBXBuildFile; fileRef = 44D3D7E51C83B36200098C57 /* User.m */; };
		44D3D7E91C83B3D100098C57 /* FoodRequest.m in Sources */ = {isa = PBXBuildFile; fileRef = 44D3D7E81C83B3D100098C57 /* FoodRequest.m */; };
		44D3D7EC1C83B80200098C57 /* Order.m in Sources */ = {isa = PBXBuildFile; fileRef = 44D3D7EB1C83B80200098C57 /* Order.m */; };
		44D3D7EF1C83B80D00098C57 /* Item.m in Sources */ = {isa = PBXBuildFile; fileRef = 44D3D7EE1C83B80D00098C57 /* Item.m */; };
		44D3D7F11C83B9D300098C57 /* Foundation.framework in Frameworks */ = {isa = PBXBuildFile; fileRef = 44D3D7F01C83B9D300098C57 /* Foundation.framework */; };
		44D3D7F31C83B9DD00098C57 /* MapKit.framework in Frameworks */ = {isa = PBXBuildFile; fileRef = 44D3D7F21C83B9DD00098C57 /* MapKit.framework */; };
		44D3D7F51C83B9E500098C57 /* UIKit.framework in Frameworks */ = {isa = PBXBuildFile; fileRef = 44D3D7F41C83B9E500098C57 /* UIKit.framework */; };
		44D3D7F91C83BC2000098C57 /* FoodRequests.m in Sources */ = {isa = PBXBuildFile; fileRef = 44D3D7F81C83BC2000098C57 /* FoodRequests.m */; };
/* End PBXBuildFile section */

/* Begin PBXContainerItemProxy section */
		4415EB9A1C839D0300B2C5B7 /* PBXContainerItemProxy */ = {
			isa = PBXContainerItemProxy;
			containerPortal = 4415EB751C839D0200B2C5B7 /* Project object */;
			proxyType = 1;
			remoteGlobalIDString = 4415EB7C1C839D0200B2C5B7;
			remoteInfo = FoodEx;
		};
		4415EBA51C839D0300B2C5B7 /* PBXContainerItemProxy */ = {
			isa = PBXContainerItemProxy;
			containerPortal = 4415EB751C839D0200B2C5B7 /* Project object */;
			proxyType = 1;
			remoteGlobalIDString = 4415EB7C1C839D0200B2C5B7;
			remoteInfo = FoodEx;
		};
/* End PBXContainerItemProxy section */

/* Begin PBXFileReference section */
		033807DE1C876D380045D5BB /* ItemAddViewController.h */ = {isa = PBXFileReference; fileEncoding = 4; lastKnownFileType = sourcecode.c.h; path = ItemAddViewController.h; sourceTree = "<group>"; };
		033807DF1C876D380045D5BB /* ItemAddViewController.m */ = {isa = PBXFileReference; fileEncoding = 4; lastKnownFileType = sourcecode.c.objc; path = ItemAddViewController.m; sourceTree = "<group>"; };
		033807E01C876D380045D5BB /* ItemAddViewController.xib */ = {isa = PBXFileReference; fileEncoding = 4; lastKnownFileType = file.xib; path = ItemAddViewController.xib; sourceTree = "<group>"; };
		4415EB7D1C839D0200B2C5B7 /* FoodEx.app */ = {isa = PBXFileReference; explicitFileType = wrapper.application; includeInIndex = 0; path = FoodEx.app; sourceTree = BUILT_PRODUCTS_DIR; };
		4415EB811C839D0200B2C5B7 /* main.m */ = {isa = PBXFileReference; lastKnownFileType = sourcecode.c.objc; path = main.m; sourceTree = "<group>"; };
		4415EB831C839D0200B2C5B7 /* AppDelegate.h */ = {isa = PBXFileReference; lastKnownFileType = sourcecode.c.h; path = AppDelegate.h; sourceTree = "<group>"; };
		4415EB841C839D0200B2C5B7 /* AppDelegate.m */ = {isa = PBXFileReference; lastKnownFileType = sourcecode.c.objc; path = AppDelegate.m; sourceTree = "<group>"; };
		4415EB8D1C839D0200B2C5B7 /* Base */ = {isa = PBXFileReference; lastKnownFileType = file.storyboard; name = Base; path = Base.lproj/Main.storyboard; sourceTree = "<group>"; };
		4415EB8F1C839D0200B2C5B7 /* Assets.xcassets */ = {isa = PBXFileReference; lastKnownFileType = folder.assetcatalog; path = Assets.xcassets; sourceTree = "<group>"; };
		4415EB921C839D0200B2C5B7 /* Base */ = {isa = PBXFileReference; lastKnownFileType = file.storyboard; name = Base; path = Base.lproj/LaunchScreen.storyboard; sourceTree = "<group>"; };
		4415EB941C839D0200B2C5B7 /* Info.plist */ = {isa = PBXFileReference; lastKnownFileType = text.plist.xml; path = Info.plist; sourceTree = "<group>"; };
		4415EB991C839D0300B2C5B7 /* FoodExTests.xctest */ = {isa = PBXFileReference; explicitFileType = wrapper.cfbundle; includeInIndex = 0; path = FoodExTests.xctest; sourceTree = BUILT_PRODUCTS_DIR; };
		4415EB9D1C839D0300B2C5B7 /* FoodExTests.m */ = {isa = PBXFileReference; lastKnownFileType = sourcecode.c.objc; path = FoodExTests.m; sourceTree = "<group>"; };
		4415EB9F1C839D0300B2C5B7 /* Info.plist */ = {isa = PBXFileReference; lastKnownFileType = text.plist.xml; path = Info.plist; sourceTree = "<group>"; };
		4415EBA41C839D0300B2C5B7 /* FoodExUITests.xctest */ = {isa = PBXFileReference; explicitFileType = wrapper.cfbundle; includeInIndex = 0; path = FoodExUITests.xctest; sourceTree = BUILT_PRODUCTS_DIR; };
		4415EBA81C839D0300B2C5B7 /* FoodExUITests.m */ = {isa = PBXFileReference; lastKnownFileType = sourcecode.c.objc; path = FoodExUITests.m; sourceTree = "<group>"; };
		4415EBAA1C839D0300B2C5B7 /* Info.plist */ = {isa = PBXFileReference; lastKnownFileType = text.plist.xml; path = Info.plist; sourceTree = "<group>"; };
		444D55131C8817AE002EBE49 /* ReviewOrderViewController.h */ = {isa = PBXFileReference; fileEncoding = 4; lastKnownFileType = sourcecode.c.h; name = ReviewOrderViewController.h; path = ../ReviewOrderViewController.h; sourceTree = "<group>"; };
		444D55141C8817AE002EBE49 /* ReviewOrderViewController.m */ = {isa = PBXFileReference; fileEncoding = 4; lastKnownFileType = sourcecode.c.objc; name = ReviewOrderViewController.m; path = ../ReviewOrderViewController.m; sourceTree = "<group>"; };
		444D55151C8817AE002EBE49 /* ReviewOrderViewController.xib */ = {isa = PBXFileReference; fileEncoding = 4; lastKnownFileType = file.xib; name = ReviewOrderViewController.xib; path = ../ReviewOrderViewController.xib; sourceTree = "<group>"; };
		446588B31C87563E002CA7ED /* OrderContentsViewController.h */ = {isa = PBXFileReference; fileEncoding = 4; lastKnownFileType = sourcecode.c.h; name = OrderContentsViewController.h; path = ../OrderContentsViewController.h; sourceTree = "<group>"; };
		446588B41C87563E002CA7ED /* OrderContentsViewController.m */ = {isa = PBXFileReference; fileEncoding = 4; lastKnownFileType = sourcecode.c.objc; name = OrderContentsViewController.m; path = ../OrderContentsViewController.m; sourceTree = "<group>"; };
		446588B51C87563E002CA7ED /* OrderContentsViewController.xib */ = {isa = PBXFileReference; fileEncoding = 4; lastKnownFileType = file.xib; name = OrderContentsViewController.xib; path = ../OrderContentsViewController.xib; sourceTree = "<group>"; };
		449CD65B1C864F4D00325DAA /* OrderViewController.h */ = {isa = PBXFileReference; fileEncoding = 4; lastKnownFileType = sourcecode.c.h; path = OrderViewController.h; sourceTree = "<group>"; };
		449CD65C1C864F4D00325DAA /* OrderViewController.m */ = {isa = PBXFileReference; fileEncoding = 4; lastKnownFileType = sourcecode.c.objc; path = OrderViewController.m; sourceTree = "<group>"; };
		449CD65D1C864F4D00325DAA /* OrderViewController.xib */ = {isa = PBXFileReference; fileEncoding = 4; lastKnownFileType = file.xib; path = OrderViewController.xib; sourceTree = "<group>"; };
		449CD6601C864F6800325DAA /* DeliveryViewController.h */ = {isa = PBXFileReference; fileEncoding = 4; lastKnownFileType = sourcecode.c.h; path = DeliveryViewController.h; sourceTree = "<group>"; };
		449CD6611C864F6800325DAA /* DeliveryViewController.m */ = {isa = PBXFileReference; fileEncoding = 4; lastKnownFileType = sourcecode.c.objc; path = DeliveryViewController.m; sourceTree = "<group>"; };
		449CD6621C864F6800325DAA /* DeliveryViewController.xib */ = {isa = PBXFileReference; fileEncoding = 4; lastKnownFileType = file.xib; path = DeliveryViewController.xib; sourceTree = "<group>"; };
		449CD6651C864F8400325DAA /* ProfileViewController.h */ = {isa = PBXFileReference; fileEncoding = 4; lastKnownFileType = sourcecode.c.h; name = ProfileViewController.h; path = ../ProfileViewController.h; sourceTree = "<group>"; };
		449CD6661C864F8400325DAA /* ProfileViewController.m */ = {isa = PBXFileReference; fileEncoding = 4; lastKnownFileType = sourcecode.c.objc; name = ProfileViewController.m; path = ../ProfileViewController.m; sourceTree = "<group>"; };
		449CD6671C864F8400325DAA /* ProfileViewController.xib */ = {isa = PBXFileReference; fileEncoding = 4; lastKnownFileType = file.xib; name = ProfileViewController.xib; path = ../ProfileViewController.xib; sourceTree = "<group>"; };
		449CD66D1C86583000325DAA /* CreateOrderViewController.h */ = {isa = PBXFileReference; fileEncoding = 4; lastKnownFileType = sourcecode.c.h; name = CreateOrderViewController.h; path = ../CreateOrderViewController.h; sourceTree = "<group>"; };
		449CD66E1C86583000325DAA /* CreateOrderViewController.m */ = {isa = PBXFileReference; fileEncoding = 4; lastKnownFileType = sourcecode.c.objc; name = CreateOrderViewController.m; path = ../CreateOrderViewController.m; sourceTree = "<group>"; };
		449CD66F1C86583000325DAA /* CreateOrderViewController.xib */ = {isa = PBXFileReference; fileEncoding = 4; lastKnownFileType = file.xib; name = CreateOrderViewController.xib; path = ../CreateOrderViewController.xib; sourceTree = "<group>"; };
		44BDFDB91C86A5900004D74F /* LoginViewController.h */ = {isa = PBXFileReference; fileEncoding = 4; lastKnownFileType = sourcecode.c.h; name = LoginViewController.h; path = ../LoginViewController.h; sourceTree = "<group>"; };
		44BDFDBA1C86A5900004D74F /* LoginViewController.m */ = {isa = PBXFileReference; fileEncoding = 4; lastKnownFileType = sourcecode.c.objc; name = LoginViewController.m; path = ../LoginViewController.m; sourceTree = "<group>"; };
		44BDFDBB1C86A5900004D74F /* LoginViewController.xib */ = {isa = PBXFileReference; fileEncoding = 4; lastKnownFileType = file.xib; name = LoginViewController.xib; path = ../LoginViewController.xib; sourceTree = "<group>"; };
		44D3D7E41C83B36200098C57 /* User.h */ = {isa = PBXFileReference; fileEncoding = 4; lastKnownFileType = sourcecode.c.h; path = User.h; sourceTree = "<group>"; };
		44D3D7E51C83B36200098C57 /* User.m */ = {isa = PBXFileReference; fileEncoding = 4; lastKnownFileType = sourcecode.c.objc; path = User.m; sourceTree = "<group>"; };
		44D3D7E71C83B3D100098C57 /* FoodRequest.h */ = {isa = PBXFileReference; fileEncoding = 4; lastKnownFileType = sourcecode.c.h; path = FoodRequest.h; sourceTree = "<group>"; };
		44D3D7E81C83B3D100098C57 /* FoodRequest.m */ = {isa = PBXFileReference; fileEncoding = 4; lastKnownFileType = sourcecode.c.objc; path = FoodRequest.m; sourceTree = "<group>"; };
		44D3D7EA1C83B80200098C57 /* Order.h */ = {isa = PBXFileReference; fileEncoding = 4; lastKnownFileType = sourcecode.c.h; path = Order.h; sourceTree = "<group>"; };
		44D3D7EB1C83B80200098C57 /* Order.m */ = {isa = PBXFileReference; fileEncoding = 4; lastKnownFileType = sourcecode.c.objc; path = Order.m; sourceTree = "<group>"; };
		44D3D7ED1C83B80D00098C57 /* Item.h */ = {isa = PBXFileReference; fileEncoding = 4; lastKnownFileType = sourcecode.c.h; path = Item.h; sourceTree = "<group>"; };
		44D3D7EE1C83B80D00098C57 /* Item.m */ = {isa = PBXFileReference; fileEncoding = 4; lastKnownFileType = sourcecode.c.objc; path = Item.m; sourceTree = "<group>"; };
		44D3D7F01C83B9D300098C57 /* Foundation.framework */ = {isa = PBXFileReference; lastKnownFileType = wrapper.framework; name = Foundation.framework; path = System/Library/Frameworks/Foundation.framework; sourceTree = SDKROOT; };
		44D3D7F21C83B9DD00098C57 /* MapKit.framework */ = {isa = PBXFileReference; lastKnownFileType = wrapper.framework; name = MapKit.framework; path = System/Library/Frameworks/MapKit.framework; sourceTree = SDKROOT; };
		44D3D7F41C83B9E500098C57 /* UIKit.framework */ = {isa = PBXFileReference; lastKnownFileType = wrapper.framework; name = UIKit.framework; path = System/Library/Frameworks/UIKit.framework; sourceTree = SDKROOT; };
		44D3D7F71C83BC2000098C57 /* FoodRequests.h */ = {isa = PBXFileReference; fileEncoding = 4; lastKnownFileType = sourcecode.c.h; path = FoodRequests.h; sourceTree = "<group>"; };
		44D3D7F81C83BC2000098C57 /* FoodRequests.m */ = {isa = PBXFileReference; fileEncoding = 4; lastKnownFileType = sourcecode.c.objc; path = FoodRequests.m; sourceTree = "<group>"; };
/* End PBXFileReference section */

/* Begin PBXFrameworksBuildPhase section */
		4415EB7A1C839D0200B2C5B7 /* Frameworks */ = {
			isa = PBXFrameworksBuildPhase;
			buildActionMask = 2147483647;
			files = (
				44D3D7F51C83B9E500098C57 /* UIKit.framework in Frameworks */,
				44D3D7F31C83B9DD00098C57 /* MapKit.framework in Frameworks */,
				44D3D7F11C83B9D300098C57 /* Foundation.framework in Frameworks */,
			);
			runOnlyForDeploymentPostprocessing = 0;
		};
		4415EB961C839D0300B2C5B7 /* Frameworks */ = {
			isa = PBXFrameworksBuildPhase;
			buildActionMask = 2147483647;
			files = (
			);
			runOnlyForDeploymentPostprocessing = 0;
		};
		4415EBA11C839D0300B2C5B7 /* Frameworks */ = {
			isa = PBXFrameworksBuildPhase;
			buildActionMask = 2147483647;
			files = (
			);
			runOnlyForDeploymentPostprocessing = 0;
		};
/* End PBXFrameworksBuildPhase section */

/* Begin PBXGroup section */
		4415EB741C839D0200B2C5B7 = {
			isa = PBXGroup;
			children = (
				4415EB7F1C839D0200B2C5B7 /* FoodEx */,
				4415EB9C1C839D0300B2C5B7 /* FoodExTests */,
				4415EBA71C839D0300B2C5B7 /* FoodExUITests */,
				4415EB7E1C839D0200B2C5B7 /* Products */,
				44D3D7F61C83B9E900098C57 /* Frameworks */,
			);
			sourceTree = "<group>";
		};
		4415EB7E1C839D0200B2C5B7 /* Products */ = {
			isa = PBXGroup;
			children = (
				4415EB7D1C839D0200B2C5B7 /* FoodEx.app */,
				4415EB991C839D0300B2C5B7 /* FoodExTests.xctest */,
				4415EBA41C839D0300B2C5B7 /* FoodExUITests.xctest */,
			);
			name = Products;
			sourceTree = "<group>";
		};
		4415EB7F1C839D0200B2C5B7 /* FoodEx */ = {
			isa = PBXGroup;
			children = (
				44D3D7E01C83B23200098C57 /* Models */,
				4415EB831C839D0200B2C5B7 /* AppDelegate.h */,
				4415EB841C839D0200B2C5B7 /* AppDelegate.m */,
				4415EB8C1C839D0200B2C5B7 /* Main.storyboard */,
				4415EB8F1C839D0200B2C5B7 /* Assets.xcassets */,
				4415EB911C839D0200B2C5B7 /* LaunchScreen.storyboard */,
				4415EB941C839D0200B2C5B7 /* Info.plist */,
				4415EB801C839D0200B2C5B7 /* Supporting Files */,
				449CD66D1C86583000325DAA /* CreateOrderViewController.h */,
				449CD66E1C86583000325DAA /* CreateOrderViewController.m */,
				449CD66F1C86583000325DAA /* CreateOrderViewController.xib */,
				449CD6601C864F6800325DAA /* DeliveryViewController.h */,
				449CD6611C864F6800325DAA /* DeliveryViewController.m */,
				449CD6621C864F6800325DAA /* DeliveryViewController.xib */,
				446588B31C87563E002CA7ED /* OrderContentsViewController.h */,
				446588B41C87563E002CA7ED /* OrderContentsViewController.m */,
				446588B51C87563E002CA7ED /* OrderContentsViewController.xib */,
				44BDFDB91C86A5900004D74F /* LoginViewController.h */,
				44BDFDBA1C86A5900004D74F /* LoginViewController.m */,
				44BDFDBB1C86A5900004D74F /* LoginViewController.xib */,
				449CD65B1C864F4D00325DAA /* OrderViewController.h */,
				449CD65C1C864F4D00325DAA /* OrderViewController.m */,
				449CD65D1C864F4D00325DAA /* OrderViewController.xib */,
				444D55131C8817AE002EBE49 /* ReviewOrderViewController.h */,
				444D55141C8817AE002EBE49 /* ReviewOrderViewController.m */,
				444D55151C8817AE002EBE49 /* ReviewOrderViewController.xib */,
				033807DE1C876D380045D5BB /* ItemAddViewController.h */,
				033807DF1C876D380045D5BB /* ItemAddViewController.m */,
				033807E01C876D380045D5BB /* ItemAddViewController.xib */,
				449CD6651C864F8400325DAA /* ProfileViewController.h */,
				449CD6661C864F8400325DAA /* ProfileViewController.m */,
				449CD6671C864F8400325DAA /* ProfileViewController.xib */,
			);
			path = FoodEx;
			sourceTree = "<group>";
		};
		4415EB801C839D0200B2C5B7 /* Supporting Files */ = {
			isa = PBXGroup;
			children = (
				4415EB811C839D0200B2C5B7 /* main.m */,
			);
			name = "Supporting Files";
			sourceTree = "<group>";
		};
		4415EB9C1C839D0300B2C5B7 /* FoodExTests */ = {
			isa = PBXGroup;
			children = (
				4415EB9D1C839D0300B2C5B7 /* FoodExTests.m */,
				4415EB9F1C839D0300B2C5B7 /* Info.plist */,
			);
			path = FoodExTests;
			sourceTree = "<group>";
		};
		4415EBA71C839D0300B2C5B7 /* FoodExUITests */ = {
			isa = PBXGroup;
			children = (
				4415EBA81C839D0300B2C5B7 /* FoodExUITests.m */,
				4415EBAA1C839D0300B2C5B7 /* Info.plist */,
			);
			path = FoodExUITests;
			sourceTree = "<group>";
		};
		44D3D7E01C83B23200098C57 /* Models */ = {
			isa = PBXGroup;
			children = (
				44D3D7E41C83B36200098C57 /* User.h */,
				44D3D7E51C83B36200098C57 /* User.m */,
				44D3D7E71C83B3D100098C57 /* FoodRequest.h */,
				44D3D7E81C83B3D100098C57 /* FoodRequest.m */,
				44D3D7EA1C83B80200098C57 /* Order.h */,
				44D3D7EB1C83B80200098C57 /* Order.m */,
				44D3D7ED1C83B80D00098C57 /* Item.h */,
				44D3D7EE1C83B80D00098C57 /* Item.m */,
				44D3D7F71C83BC2000098C57 /* FoodRequests.h */,
				44D3D7F81C83BC2000098C57 /* FoodRequests.m */,
			);
			name = Models;
			sourceTree = "<group>";
		};
		44D3D7F61C83B9E900098C57 /* Frameworks */ = {
			isa = PBXGroup;
			children = (
				44D3D7F41C83B9E500098C57 /* UIKit.framework */,
				44D3D7F21C83B9DD00098C57 /* MapKit.framework */,
				44D3D7F01C83B9D300098C57 /* Foundation.framework */,
			);
			name = Frameworks;
			sourceTree = "<group>";
		};
/* End PBXGroup section */

/* Begin PBXNativeTarget section */
		4415EB7C1C839D0200B2C5B7 /* FoodEx */ = {
			isa = PBXNativeTarget;
			buildConfigurationList = 4415EBAD1C839D0300B2C5B7 /* Build configuration list for PBXNativeTarget "FoodEx" */;
			buildPhases = (
				4415EB791C839D0200B2C5B7 /* Sources */,
				4415EB7A1C839D0200B2C5B7 /* Frameworks */,
				4415EB7B1C839D0200B2C5B7 /* Resources */,
			);
			buildRules = (
			);
			dependencies = (
			);
			name = FoodEx;
			productName = FoodEx;
			productReference = 4415EB7D1C839D0200B2C5B7 /* FoodEx.app */;
			productType = "com.apple.product-type.application";
		};
		4415EB981C839D0300B2C5B7 /* FoodExTests */ = {
			isa = PBXNativeTarget;
			buildConfigurationList = 4415EBB01C839D0300B2C5B7 /* Build configuration list for PBXNativeTarget "FoodExTests" */;
			buildPhases = (
				4415EB951C839D0300B2C5B7 /* Sources */,
				4415EB961C839D0300B2C5B7 /* Frameworks */,
				4415EB971C839D0300B2C5B7 /* Resources */,
			);
			buildRules = (
			);
			dependencies = (
				4415EB9B1C839D0300B2C5B7 /* PBXTargetDependency */,
			);
			name = FoodExTests;
			productName = FoodExTests;
			productReference = 4415EB991C839D0300B2C5B7 /* FoodExTests.xctest */;
			productType = "com.apple.product-type.bundle.unit-test";
		};
		4415EBA31C839D0300B2C5B7 /* FoodExUITests */ = {
			isa = PBXNativeTarget;
			buildConfigurationList = 4415EBB31C839D0300B2C5B7 /* Build configuration list for PBXNativeTarget "FoodExUITests" */;
			buildPhases = (
				4415EBA01C839D0300B2C5B7 /* Sources */,
				4415EBA11C839D0300B2C5B7 /* Frameworks */,
				4415EBA21C839D0300B2C5B7 /* Resources */,
			);
			buildRules = (
			);
			dependencies = (
				4415EBA61C839D0300B2C5B7 /* PBXTargetDependency */,
			);
			name = FoodExUITests;
			productName = FoodExUITests;
			productReference = 4415EBA41C839D0300B2C5B7 /* FoodExUITests.xctest */;
			productType = "com.apple.product-type.bundle.ui-testing";
		};
/* End PBXNativeTarget section */

/* Begin PBXProject section */
		4415EB751C839D0200B2C5B7 /* Project object */ = {
			isa = PBXProject;
			attributes = {
				LastUpgradeCheck = 0700;
				ORGANIZATIONNAME = FoodEx;
				TargetAttributes = {
					4415EB7C1C839D0200B2C5B7 = {
						CreatedOnToolsVersion = 7.0.1;
					};
					4415EB981C839D0300B2C5B7 = {
						CreatedOnToolsVersion = 7.0.1;
						TestTargetID = 4415EB7C1C839D0200B2C5B7;
					};
					4415EBA31C839D0300B2C5B7 = {
						CreatedOnToolsVersion = 7.0.1;
						TestTargetID = 4415EB7C1C839D0200B2C5B7;
					};
				};
			};
			buildConfigurationList = 4415EB781C839D0200B2C5B7 /* Build configuration list for PBXProject "FoodEx" */;
			compatibilityVersion = "Xcode 3.2";
			developmentRegion = English;
			hasScannedForEncodings = 0;
			knownRegions = (
				en,
				Base,
			);
			mainGroup = 4415EB741C839D0200B2C5B7;
			productRefGroup = 4415EB7E1C839D0200B2C5B7 /* Products */;
			projectDirPath = "";
			projectRoot = "";
			targets = (
				4415EB7C1C839D0200B2C5B7 /* FoodEx */,
				4415EB981C839D0300B2C5B7 /* FoodExTests */,
				4415EBA31C839D0300B2C5B7 /* FoodExUITests */,
			);
		};
/* End PBXProject section */

/* Begin PBXResourcesBuildPhase section */
		4415EB7B1C839D0200B2C5B7 /* Resources */ = {
			isa = PBXResourcesBuildPhase;
			buildActionMask = 2147483647;
			files = (
				44BDFDBD1C86A5900004D74F /* LoginViewController.xib in Resources */,
				444D55171C8817AE002EBE49 /* ReviewOrderViewController.xib in Resources */,
				449CD6711C86583000325DAA /* CreateOrderViewController.xib in Resources */,
				449CD6691C864F8400325DAA /* ProfileViewController.xib in Resources */,
				033807E21C876D380045D5BB /* ItemAddViewController.xib in Resources */,
				4415EB931C839D0200B2C5B7 /* LaunchScreen.storyboard in Resources */,
				449CD6641C864F6800325DAA /* DeliveryViewController.xib in Resources */,
				4415EB901C839D0200B2C5B7 /* Assets.xcassets in Resources */,
				446588B71C87563E002CA7ED /* OrderContentsViewController.xib in Resources */,
				4415EB8E1C839D0200B2C5B7 /* Main.storyboard in Resources */,
				449CD65F1C864F4D00325DAA /* OrderViewController.xib in Resources */,
			);
			runOnlyForDeploymentPostprocessing = 0;
		};
		4415EB971C839D0300B2C5B7 /* Resources */ = {
			isa = PBXResourcesBuildPhase;
			buildActionMask = 2147483647;
			files = (
			);
			runOnlyForDeploymentPostprocessing = 0;
		};
		4415EBA21C839D0300B2C5B7 /* Resources */ = {
			isa = PBXResourcesBuildPhase;
			buildActionMask = 2147483647;
			files = (
			);
			runOnlyForDeploymentPostprocessing = 0;
		};
/* End PBXResourcesBuildPhase section */

/* Begin PBXSourcesBuildPhase section */
		4415EB791C839D0200B2C5B7 /* Sources */ = {
			isa = PBXSourcesBuildPhase;
			buildActionMask = 2147483647;
			files = (
				446588B61C87563E002CA7ED /* OrderContentsViewController.m in Sources */,
				444D55161C8817AE002EBE49 /* ReviewOrderViewController.m in Sources */,
				44D3D7EF1C83B80D00098C57 /* Item.m in Sources */,
				449CD65E1C864F4D00325DAA /* OrderViewController.m in Sources */,
				44D3D7E61C83B36200098C57 /* User.m in Sources */,
				449CD6631C864F6800325DAA /* DeliveryViewController.m in Sources */,
				4415EB851C839D0200B2C5B7 /* AppDelegate.m in Sources */,
				44D3D7E91C83B3D100098C57 /* FoodRequest.m in Sources */,
				44D3D7EC1C83B80200098C57 /* Order.m in Sources */,
				4415EB821C839D0200B2C5B7 /* main.m in Sources */,
				44BDFDBC1C86A5900004D74F /* LoginViewController.m in Sources */,
				449CD6681C864F8400325DAA /* ProfileViewController.m in Sources */,
				033807E11C876D380045D5BB /* ItemAddViewController.m in Sources */,
				449CD6701C86583000325DAA /* CreateOrderViewController.m in Sources */,
				44D3D7F91C83BC2000098C57 /* FoodRequests.m in Sources */,
			);
			runOnlyForDeploymentPostprocessing = 0;
		};
		4415EB951C839D0300B2C5B7 /* Sources */ = {
			isa = PBXSourcesBuildPhase;
			buildActionMask = 2147483647;
			files = (
				4415EB9E1C839D0300B2C5B7 /* FoodExTests.m in Sources */,
			);
			runOnlyForDeploymentPostprocessing = 0;
		};
		4415EBA01C839D0300B2C5B7 /* Sources */ = {
			isa = PBXSourcesBuildPhase;
			buildActionMask = 2147483647;
			files = (
				4415EBA91C839D0300B2C5B7 /* FoodExUITests.m in Sources */,
			);
			runOnlyForDeploymentPostprocessing = 0;
		};
/* End PBXSourcesBuildPhase section */

/* Begin PBXTargetDependency section */
		4415EB9B1C839D0300B2C5B7 /* PBXTargetDependency */ = {
			isa = PBXTargetDependency;
			target = 4415EB7C1C839D0200B2C5B7 /* FoodEx */;
			targetProxy = 4415EB9A1C839D0300B2C5B7 /* PBXContainerItemProxy */;
		};
		4415EBA61C839D0300B2C5B7 /* PBXTargetDependency */ = {
			isa = PBXTargetDependency;
			target = 4415EB7C1C839D0200B2C5B7 /* FoodEx */;
			targetProxy = 4415EBA51C839D0300B2C5B7 /* PBXContainerItemProxy */;
		};
/* End PBXTargetDependency section */

/* Begin PBXVariantGroup section */
		4415EB8C1C839D0200B2C5B7 /* Main.storyboard */ = {
			isa = PBXVariantGroup;
			children = (
				4415EB8D1C839D0200B2C5B7 /* Base */,
			);
			name = Main.storyboard;
			sourceTree = "<group>";
		};
		4415EB911C839D0200B2C5B7 /* LaunchScreen.storyboard */ = {
			isa = PBXVariantGroup;
			children = (
				4415EB921C839D0200B2C5B7 /* Base */,
			);
			name = LaunchScreen.storyboard;
			sourceTree = "<group>";
		};
/* End PBXVariantGroup section */

/* Begin XCBuildConfiguration section */
		4415EBAB1C839D0300B2C5B7 /* Debug */ = {
			isa = XCBuildConfiguration;
			buildSettings = {
				ALWAYS_SEARCH_USER_PATHS = NO;
				CLANG_CXX_LANGUAGE_STANDARD = "gnu++0x";
				CLANG_CXX_LIBRARY = "libc++";
				CLANG_ENABLE_MODULES = YES;
				CLANG_ENABLE_OBJC_ARC = YES;
				CLANG_WARN_BOOL_CONVERSION = YES;
				CLANG_WARN_CONSTANT_CONVERSION = YES;
				CLANG_WARN_DIRECT_OBJC_ISA_USAGE = YES_ERROR;
				CLANG_WARN_EMPTY_BODY = YES;
				CLANG_WARN_ENUM_CONVERSION = YES;
				CLANG_WARN_INT_CONVERSION = YES;
				CLANG_WARN_OBJC_ROOT_CLASS = YES_ERROR;
				CLANG_WARN_UNREACHABLE_CODE = YES;
				CLANG_WARN__DUPLICATE_METHOD_MATCH = YES;
				"CODE_SIGN_IDENTITY[sdk=iphoneos*]" = "iPhone Developer";
				COPY_PHASE_STRIP = NO;
				DEBUG_INFORMATION_FORMAT = dwarf;
				ENABLE_STRICT_OBJC_MSGSEND = YES;
				ENABLE_TESTABILITY = YES;
				GCC_C_LANGUAGE_STANDARD = gnu99;
				GCC_DYNAMIC_NO_PIC = NO;
				GCC_NO_COMMON_BLOCKS = YES;
				GCC_OPTIMIZATION_LEVEL = 0;
				GCC_PREPROCESSOR_DEFINITIONS = (
					"DEBUG=1",
					"$(inherited)",
				);
				GCC_WARN_64_TO_32_BIT_CONVERSION = YES;
				GCC_WARN_ABOUT_RETURN_TYPE = YES_ERROR;
				GCC_WARN_UNDECLARED_SELECTOR = YES;
				GCC_WARN_UNINITIALIZED_AUTOS = YES_AGGRESSIVE;
				GCC_WARN_UNUSED_FUNCTION = YES;
				GCC_WARN_UNUSED_VARIABLE = YES;
				IPHONEOS_DEPLOYMENT_TARGET = 9.0;
				MTL_ENABLE_DEBUG_INFO = YES;
				ONLY_ACTIVE_ARCH = YES;
				SDKROOT = iphoneos;
			};
			name = Debug;
		};
		4415EBAC1C839D0300B2C5B7 /* Release */ = {
			isa = XCBuildConfiguration;
			buildSettings = {
				ALWAYS_SEARCH_USER_PATHS = NO;
				CLANG_CXX_LANGUAGE_STANDARD = "gnu++0x";
				CLANG_CXX_LIBRARY = "libc++";
				CLANG_ENABLE_MODULES = YES;
				CLANG_ENABLE_OBJC_ARC = YES;
				CLANG_WARN_BOOL_CONVERSION = YES;
				CLANG_WARN_CONSTANT_CONVERSION = YES;
				CLANG_WARN_DIRECT_OBJC_ISA_USAGE = YES_ERROR;
				CLANG_WARN_EMPTY_BODY = YES;
				CLANG_WARN_ENUM_CONVERSION = YES;
				CLANG_WARN_INT_CONVERSION = YES;
				CLANG_WARN_OBJC_ROOT_CLASS = YES_ERROR;
				CLANG_WARN_UNREACHABLE_CODE = YES;
				CLANG_WARN__DUPLICATE_METHOD_MATCH = YES;
				"CODE_SIGN_IDENTITY[sdk=iphoneos*]" = "iPhone Developer";
				COPY_PHASE_STRIP = NO;
				DEBUG_INFORMATION_FORMAT = "dwarf-with-dsym";
				ENABLE_NS_ASSERTIONS = NO;
				ENABLE_STRICT_OBJC_MSGSEND = YES;
				GCC_C_LANGUAGE_STANDARD = gnu99;
				GCC_NO_COMMON_BLOCKS = YES;
				GCC_WARN_64_TO_32_BIT_CONVERSION = YES;
				GCC_WARN_ABOUT_RETURN_TYPE = YES_ERROR;
				GCC_WARN_UNDECLARED_SELECTOR = YES;
				GCC_WARN_UNINITIALIZED_AUTOS = YES_AGGRESSIVE;
				GCC_WARN_UNUSED_FUNCTION = YES;
				GCC_WARN_UNUSED_VARIABLE = YES;
				IPHONEOS_DEPLOYMENT_TARGET = 9.0;
				MTL_ENABLE_DEBUG_INFO = NO;
				SDKROOT = iphoneos;
				VALIDATE_PRODUCT = YES;
			};
			name = Release;
		};
		4415EBAE1C839D0300B2C5B7 /* Debug */ = {
			isa = XCBuildConfiguration;
			buildSettings = {
				ASSETCATALOG_COMPILER_APPICON_NAME = AppIcon;
				INFOPLIST_FILE = FoodEx/Info.plist;
				LD_RUNPATH_SEARCH_PATHS = "$(inherited) @executable_path/Frameworks";
				PRODUCT_BUNDLE_IDENTIFIER = agaynor.FoodEx;
				PRODUCT_NAME = "$(TARGET_NAME)";
			};
			name = Debug;
		};
		4415EBAF1C839D0300B2C5B7 /* Release */ = {
			isa = XCBuildConfiguration;
			buildSettings = {
				ASSETCATALOG_COMPILER_APPICON_NAME = AppIcon;
				INFOPLIST_FILE = FoodEx/Info.plist;
				LD_RUNPATH_SEARCH_PATHS = "$(inherited) @executable_path/Frameworks";
				PRODUCT_BUNDLE_IDENTIFIER = agaynor.FoodEx;
				PRODUCT_NAME = "$(TARGET_NAME)";
			};
			name = Release;
		};
		4415EBB11C839D0300B2C5B7 /* Debug */ = {
			isa = XCBuildConfiguration;
			buildSettings = {
				BUNDLE_LOADER = "$(TEST_HOST)";
				INFOPLIST_FILE = FoodExTests/Info.plist;
				LD_RUNPATH_SEARCH_PATHS = "$(inherited) @executable_path/Frameworks @loader_path/Frameworks";
				PRODUCT_BUNDLE_IDENTIFIER = agaynor.FoodExTests;
				PRODUCT_NAME = "$(TARGET_NAME)";
				TEST_HOST = "$(BUILT_PRODUCTS_DIR)/FoodEx.app/FoodEx";
			};
			name = Debug;
		};
		4415EBB21C839D0300B2C5B7 /* Release */ = {
			isa = XCBuildConfiguration;
			buildSettings = {
				BUNDLE_LOADER = "$(TEST_HOST)";
				INFOPLIST_FILE = FoodExTests/Info.plist;
				LD_RUNPATH_SEARCH_PATHS = "$(inherited) @executable_path/Frameworks @loader_path/Frameworks";
				PRODUCT_BUNDLE_IDENTIFIER = agaynor.FoodExTests;
				PRODUCT_NAME = "$(TARGET_NAME)";
				TEST_HOST = "$(BUILT_PRODUCTS_DIR)/FoodEx.app/FoodEx";
			};
			name = Release;
		};
		4415EBB41C839D0300B2C5B7 /* Debug */ = {
			isa = XCBuildConfiguration;
			buildSettings = {
				INFOPLIST_FILE = FoodExUITests/Info.plist;
				LD_RUNPATH_SEARCH_PATHS = "$(inherited) @executable_path/Frameworks @loader_path/Frameworks";
				PRODUCT_BUNDLE_IDENTIFIER = agaynor.FoodExUITests;
				PRODUCT_NAME = "$(TARGET_NAME)";
				TEST_TARGET_NAME = FoodEx;
				USES_XCTRUNNER = YES;
			};
			name = Debug;
		};
		4415EBB51C839D0300B2C5B7 /* Release */ = {
			isa = XCBuildConfiguration;
			buildSettings = {
				INFOPLIST_FILE = FoodExUITests/Info.plist;
				LD_RUNPATH_SEARCH_PATHS = "$(inherited) @executable_path/Frameworks @loader_path/Frameworks";
				PRODUCT_BUNDLE_IDENTIFIER = agaynor.FoodExUITests;
				PRODUCT_NAME = "$(TARGET_NAME)";
				TEST_TARGET_NAME = FoodEx;
				USES_XCTRUNNER = YES;
			};
			name = Release;
		};
/* End XCBuildConfiguration section */

/* Begin XCConfigurationList section */
		4415EB781C839D0200B2C5B7 /* Build configuration list for PBXProject "FoodEx" */ = {
			isa = XCConfigurationList;
			buildConfigurations = (
				4415EBAB1C839D0300B2C5B7 /* Debug */,
				4415EBAC1C839D0300B2C5B7 /* Release */,
			);
			defaultConfigurationIsVisible = 0;
			defaultConfigurationName = Release;
		};
		4415EBAD1C839D0300B2C5B7 /* Build configuration list for PBXNativeTarget "FoodEx" */ = {
			isa = XCConfigurationList;
			buildConfigurations = (
				4415EBAE1C839D0300B2C5B7 /* Debug */,
				4415EBAF1C839D0300B2C5B7 /* Release */,
			);
			defaultConfigurationIsVisible = 0;
			defaultConfigurationName = Release;
		};
		4415EBB01C839D0300B2C5B7 /* Build configuration list for PBXNativeTarget "FoodExTests" */ = {
			isa = XCConfigurationList;
			buildConfigurations = (
				4415EBB11C839D0300B2C5B7 /* Debug */,
				4415EBB21C839D0300B2C5B7 /* Release */,
			);
			defaultConfigurationIsVisible = 0;
			defaultConfigurationName = Release;
		};
		4415EBB31C839D0300B2C5B7 /* Build configuration list for PBXNativeTarget "FoodExUITests" */ = {
			isa = XCConfigurationList;
			buildConfigurations = (
				4415EBB41C839D0300B2C5B7 /* Debug */,
				4415EBB51C839D0300B2C5B7 /* Release */,
			);
			defaultConfigurationIsVisible = 0;
			defaultConfigurationName = Release;
		};
/* End XCConfigurationList section */
	};
	rootObject = 4415EB751C839D0200B2C5B7 /* Project object */;
}
